
Microsoft Visual Studio Solution File, Format Version 12.00
# Visual Studio Version 16
VisualStudioVersion = 16.0.29326.143
MinimumVisualStudioVersion = 10.0.40219.1
Project("{FAE04EC0-301F-11D3-BF4B-00C04F79EFBC}") = "Scotty_Portfolio", "Scotty_Portfolio.csproj", "{A83E66F9-BF42-4AAB-86CA-E611EAD591A1}"
EndProject
Global
	GlobalSection(SolutionConfigurationPlatforms) = preSolution
		Debug|Any CPU = Debug|Any CPU
		Release|Any CPU = Release|Any CPU
	EndGlobalSection
	GlobalSection(ProjectConfigurationPlatforms) = postSolution
		{A83E66F9-BF42-4AAB-86CA-E611EAD591A1}.Debug|Any CPU.ActiveCfg = Debug|Any CPU
		{A83E66F9-BF42-4AAB-86CA-E611EAD591A1}.Debug|Any CPU.Build.0 = Debug|Any CPU
		{A83E66F9-BF42-4AAB-86CA-E611EAD591A1}.Release|Any CPU.ActiveCfg = Release|Any CPU
		{A83E66F9-BF42-4AAB-86CA-E611EAD591A1}.Release|Any CPU.Build.0 = Release|Any CPU
	EndGlobalSection
	GlobalSection(SolutionProperties) = preSolution
		HideSolutionNode = FALSE
	EndGlobalSection
	GlobalSection(ExtensibilityGlobals) = postSolution
		SolutionGuid = {AD5B63D8-4AE6-4C87-94D8-A766310166A6}
	EndGlobalSection
EndGlobal
